// !$*UTF8*$!
{
	archiveVersion = 1;
	classes = {
	};
	objectVersion = 51;
	objects = {

/* Begin PBXBuildFile section */
		2B7825C93CEA71A83D8F104C /* Pods_TaskList_with_Realm.framework in Frameworks */ = {isa = PBXBuildFile; fileRef = 7AE5AE9EBEDDD3201D0DB966 /* Pods_TaskList_with_Realm.framework */; };
		553930042510DDCE001BFA78 /* TasksListViewController.swift in Sources */ = {isa = PBXBuildFile; fileRef = 553930032510DDCE001BFA78 /* TasksListViewController.swift */; };
		553930062510DE05001BFA78 /* TasksListsViewController.swift in Sources */ = {isa = PBXBuildFile; fileRef = 553930052510DE05001BFA78 /* TasksListsViewController.swift */; };
		553930082510DE92001BFA78 /* StorageManager.swift in Sources */ = {isa = PBXBuildFile; fileRef = 553930072510DE92001BFA78 /* StorageManager.swift */; };
		5539300A2510E047001BFA78 /* TasksList.swift in Sources */ = {isa = PBXBuildFile; fileRef = 553930092510E047001BFA78 /* TasksList.swift */; };
		5539300C2510E0F8001BFA78 /* Task.swift in Sources */ = {isa = PBXBuildFile; fileRef = 5539300B2510E0F8001BFA78 /* Task.swift */; };
		55D3C0B12510D8050079FE4A /* AppDelegate.swift in Sources */ = {isa = PBXBuildFile; fileRef = 55D3C0B02510D8050079FE4A /* AppDelegate.swift */; };
		55D3C0B32510D8050079FE4A /* SceneDelegate.swift in Sources */ = {isa = PBXBuildFile; fileRef = 55D3C0B22510D8050079FE4A /* SceneDelegate.swift */; };
		55D3C0B82510D8050079FE4A /* Main.storyboard in Resources */ = {isa = PBXBuildFile; fileRef = 55D3C0B62510D8050079FE4A /* Main.storyboard */; };
		55D3C0BA2510D80D0079FE4A /* Assets.xcassets in Resources */ = {isa = PBXBuildFile; fileRef = 55D3C0B92510D80D0079FE4A /* Assets.xcassets */; };
		55D3C0BD2510D80D0079FE4A /* LaunchScreen.storyboard in Resources */ = {isa = PBXBuildFile; fileRef = 55D3C0BB2510D80D0079FE4A /* LaunchScreen.storyboard */; };
/* End PBXBuildFile section */

/* Begin PBXFileReference section */
		32F7346CB403051943CDA7CF /* Pods-TaskList with Realm.release.xcconfig */ = {isa = PBXFileReference; includeInIndex = 1; lastKnownFileType = text.xcconfig; name = "Pods-TaskList with Realm.release.xcconfig"; path = "Target Support Files/Pods-TaskList with Realm/Pods-TaskList with Realm.release.xcconfig"; sourceTree = "<group>"; };
		553930032510DDCE001BFA78 /* TasksListViewController.swift */ = {isa = PBXFileReference; lastKnownFileType = sourcecode.swift; path = TasksListViewController.swift; sourceTree = "<group>"; };
		553930052510DE05001BFA78 /* TasksListsViewController.swift */ = {isa = PBXFileReference; lastKnownFileType = sourcecode.swift; path = TasksListsViewController.swift; sourceTree = "<group>"; };
		553930072510DE92001BFA78 /* StorageManager.swift */ = {isa = PBXFileReference; lastKnownFileType = sourcecode.swift; path = StorageManager.swift; sourceTree = "<group>"; };
		553930092510E047001BFA78 /* TasksList.swift */ = {isa = PBXFileReference; lastKnownFileType = sourcecode.swift; path = TasksList.swift; sourceTree = "<group>"; };
		5539300B2510E0F8001BFA78 /* Task.swift */ = {isa = PBXFileReference; lastKnownFileType = sourcecode.swift; path = Task.swift; sourceTree = "<group>"; };
		55C29D22E715705895FE5FD3 /* Pods-TaskList with Realm.debug.xcconfig */ = {isa = PBXFileReference; includeInIndex = 1; lastKnownFileType = text.xcconfig; name = "Pods-TaskList with Realm.debug.xcconfig"; path = "Target Support Files/Pods-TaskList with Realm/Pods-TaskList with Realm.debug.xcconfig"; sourceTree = "<group>"; };
		55D3C0AD2510D8050079FE4A /* TaskList with Realm.app */ = {isa = PBXFileReference; explicitFileType = wrapper.application; includeInIndex = 0; path = "TaskList with Realm.app"; sourceTree = BUILT_PRODUCTS_DIR; };
		55D3C0B02510D8050079FE4A /* AppDelegate.swift */ = {isa = PBXFileReference; lastKnownFileType = sourcecode.swift; path = AppDelegate.swift; sourceTree = "<group>"; };
		55D3C0B22510D8050079FE4A /* SceneDelegate.swift */ = {isa = PBXFileReference; lastKnownFileType = sourcecode.swift; path = SceneDelegate.swift; sourceTree = "<group>"; };
		55D3C0B72510D8050079FE4A /* Base */ = {isa = PBXFileReference; lastKnownFileType = file.storyboard; name = Base; path = Base.lproj/Main.storyboard; sourceTree = "<group>"; };
		55D3C0B92510D80D0079FE4A /* Assets.xcassets */ = {isa = PBXFileReference; lastKnownFileType = folder.assetcatalog; path = Assets.xcassets; sourceTree = "<group>"; };
		55D3C0BC2510D80D0079FE4A /* Base */ = {isa = PBXFileReference; lastKnownFileType = file.storyboard; name = Base; path = Base.lproj/LaunchScreen.storyboard; sourceTree = "<group>"; };
		55D3C0BE2510D80D0079FE4A /* Info.plist */ = {isa = PBXFileReference; lastKnownFileType = text.plist.xml; path = Info.plist; sourceTree = "<group>"; };
		7AE5AE9EBEDDD3201D0DB966 /* Pods_TaskList_with_Realm.framework */ = {isa = PBXFileReference; explicitFileType = wrapper.framework; includeInIndex = 0; path = Pods_TaskList_with_Realm.framework; sourceTree = BUILT_PRODUCTS_DIR; };
/* End PBXFileReference section */

/* Begin PBXFrameworksBuildPhase section */
		55D3C0AA2510D8050079FE4A /* Frameworks */ = {
			isa = PBXFrameworksBuildPhase;
			buildActionMask = 2147483647;
			files = (
				2B7825C93CEA71A83D8F104C /* Pods_TaskList_with_Realm.framework in Frameworks */,
			);
			runOnlyForDeploymentPostprocessing = 0;
		};
/* End PBXFrameworksBuildPhase section */

/* Begin PBXGroup section */
		55D3C0A42510D8050079FE4A = {
			isa = PBXGroup;
			children = (
				55D3C0AF2510D8050079FE4A /* TaskList with Realm */,
				55D3C0AE2510D8050079FE4A /* Products */,
				8FFDCF62A16F4BB266739CAF /* Pods */,
				F2AD7443A62197ECABF5FF41 /* Frameworks */,
			);
			sourceTree = "<group>";
		};
		55D3C0AE2510D8050079FE4A /* Products */ = {
			isa = PBXGroup;
			children = (
				55D3C0AD2510D8050079FE4A /* TaskList with Realm.app */,
			);
			name = Products;
			sourceTree = "<group>";
		};
		55D3C0AF2510D8050079FE4A /* TaskList with Realm */ = {
			isa = PBXGroup;
			children = (
				55D3C0B02510D8050079FE4A /* AppDelegate.swift */,
				55D3C0B22510D8050079FE4A /* SceneDelegate.swift */,
				55D3C0B62510D8050079FE4A /* Main.storyboard */,
				55D3C0B92510D80D0079FE4A /* Assets.xcassets */,
				55D3C0BB2510D80D0079FE4A /* LaunchScreen.storyboard */,
				55D3C0BE2510D80D0079FE4A /* Info.plist */,
				553930032510DDCE001BFA78 /* TasksListViewController.swift */,
				553930052510DE05001BFA78 /* TasksListsViewController.swift */,
				553930072510DE92001BFA78 /* StorageManager.swift */,
				553930092510E047001BFA78 /* TasksList.swift */,
				5539300B2510E0F8001BFA78 /* Task.swift */,
			);
			path = "TaskList with Realm";
			sourceTree = "<group>";
		};
		8FFDCF62A16F4BB266739CAF /* Pods */ = {
			isa = PBXGroup;
			children = (
				55C29D22E715705895FE5FD3 /* Pods-TaskList with Realm.debug.xcconfig */,
				32F7346CB403051943CDA7CF /* Pods-TaskList with Realm.release.xcconfig */,
			);
			path = Pods;
			sourceTree = "<group>";
		};
		F2AD7443A62197ECABF5FF41 /* Frameworks */ = {
			isa = PBXGroup;
			children = (
				7AE5AE9EBEDDD3201D0DB966 /* Pods_TaskList_with_Realm.framework */,
			);
			name = Frameworks;
			sourceTree = "<group>";
		};
/* End PBXGroup section */

/* Begin PBXNativeTarget section */
		55D3C0AC2510D8050079FE4A /* TaskList with Realm */ = {
			isa = PBXNativeTarget;
			buildConfigurationList = 55D3C0C12510D80D0079FE4A /* Build configuration list for PBXNativeTarget "TaskList with Realm" */;
			buildPhases = (
				A4DBB5039891780DE7C63CD7 /* [CP] Check Pods Manifest.lock */,
				55D3C0A92510D8050079FE4A /* Sources */,
				55D3C0AA2510D8050079FE4A /* Frameworks */,
				55D3C0AB2510D8050079FE4A /* Resources */,
				A3A192BAE5524D2621E9130D /* [CP] Embed Pods Frameworks */,
			);
			buildRules = (
			);
			dependencies = (
			);
			name = "TaskList with Realm";
			productName = "TaskList with Realm";
			productReference = 55D3C0AD2510D8050079FE4A /* TaskList with Realm.app */;
			productType = "com.apple.product-type.application";
		};
/* End PBXNativeTarget section */

/* Begin PBXProject section */
		55D3C0A52510D8050079FE4A /* Project object */ = {
			isa = PBXProject;
			attributes = {
				LastSwiftUpdateCheck = 1140;
				LastUpgradeCheck = 1140;
				ORGANIZATIONNAME = "Kairzhan Kural";
				TargetAttributes = {
					55D3C0AC2510D8050079FE4A = {
						CreatedOnToolsVersion = 11.4.1;
					};
				};
			};
			buildConfigurationList = 55D3C0A82510D8050079FE4A /* Build configuration list for PBXProject "TaskList with Realm" */;
			compatibilityVersion = "Xcode 9.3";
			developmentRegion = en;
			hasScannedForEncodings = 0;
			knownRegions = (
				en,
				Base,
			);
			mainGroup = 55D3C0A42510D8050079FE4A;
			productRefGroup = 55D3C0AE2510D8050079FE4A /* Products */;
			projectDirPath = "";
			projectRoot = "";
			targets = (
				55D3C0AC2510D8050079FE4A /* TaskList with Realm */,
			);
		};
/* End PBXProject section */

/* Begin PBXResourcesBuildPhase section */
		55D3C0AB2510D8050079FE4A /* Resources */ = {
			isa = PBXResourcesBuildPhase;
			buildActionMask = 2147483647;
			files = (
				55D3C0BD2510D80D0079FE4A /* LaunchScreen.storyboard in Resources */,
				55D3C0BA2510D80D0079FE4A /* Assets.xcassets in Resources */,
				55D3C0B82510D8050079FE4A /* Main.storyboard in Resources */,
			);
			runOnlyForDeploymentPostprocessing = 0;
		};
/* End PBXResourcesBuildPhase section */

/* Begin PBXShellScriptBuildPhase section */
		A3A192BAE5524D2621E9130D /* [CP] Embed Pods Frameworks */ = {
			isa = PBXShellScriptBuildPhase;
			buildActionMask = 2147483647;
			files = (
			);
			inputFileListPaths = (
				"${PODS_ROOT}/Target Support Files/Pods-TaskList with Realm/Pods-TaskList with Realm-frameworks-${CONFIGURATION}-input-files.xcfilelist",
			);
			name = "[CP] Embed Pods Frameworks";
			outputFileListPaths = (
				"${PODS_ROOT}/Target Support Files/Pods-TaskList with Realm/Pods-TaskList with Realm-frameworks-${CONFIGURATION}-output-files.xcfilelist",
			);
			runOnlyForDeploymentPostprocessing = 0;
			shellPath = /bin/sh;
			shellScript = "\"${PODS_ROOT}/Target Support Files/Pods-TaskList with Realm/Pods-TaskList with Realm-frameworks.sh\"\n";
			showEnvVarsInLog = 0;
		};
		A4DBB5039891780DE7C63CD7 /* [CP] Check Pods Manifest.lock */ = {
			isa = PBXShellScriptBuildPhase;
			buildActionMask = 2147483647;
			files = (
			);
			inputFileListPaths = (
			);
			inputPaths = (
				"${PODS_PODFILE_DIR_PATH}/Podfile.lock",
				"${PODS_ROOT}/Manifest.lock",
			);
			name = "[CP] Check Pods Manifest.lock";
			outputFileListPaths = (
			);
			outputPaths = (
				"$(DERIVED_FILE_DIR)/Pods-TaskList with Realm-checkManifestLockResult.txt",
			);
			runOnlyForDeploymentPostprocessing = 0;
			shellPath = /bin/sh;
			shellScript = "diff \"${PODS_PODFILE_DIR_PATH}/Podfile.lock\" \"${PODS_ROOT}/Manifest.lock\" > /dev/null\nif [ $? != 0 ] ; then\n    # print error to STDERR\n    echo \"error: The sandbox is not in sync with the Podfile.lock. Run 'pod install' or update your CocoaPods installation.\" >&2\n    exit 1\nfi\n# This output is used by Xcode 'outputs' to avoid re-running this script phase.\necho \"SUCCESS\" > \"${SCRIPT_OUTPUT_FILE_0}\"\n";
			showEnvVarsInLog = 0;
		};
/* End PBXShellScriptBuildPhase section */

/* Begin PBXSourcesBuildPhase section */
		55D3C0A92510D8050079FE4A /* Sources */ = {
			isa = PBXSourcesBuildPhase;
			buildActionMask = 2147483647;
			files = (
				5539300A2510E047001BFA78 /* TasksList.swift in Sources */,
				553930042510DDCE001BFA78 /* TasksListViewController.swift in Sources */,
				553930062510DE05001BFA78 /* TasksListsViewController.swift in Sources */,
				553930082510DE92001BFA78 /* StorageManager.swift in Sources */,
				55D3C0B12510D8050079FE4A /* AppDelegate.swift in Sources */,
				5539300C2510E0F8001BFA78 /* Task.swift in Sources */,
				55D3C0B32510D8050079FE4A /* SceneDelegate.swift in Sources */,
			);
			runOnlyForDeploymentPostprocessing = 0;
		};
/* End PBXSourcesBuildPhase section */

/* Begin PBXVariantGroup section */
		55D3C0B62510D8050079FE4A /* Main.storyboard */ = {
			isa = PBXVariantGroup;
			children = (
				55D3C0B72510D8050079FE4A /* Base */,
			);
			name = Main.storyboard;
			sourceTree = "<group>";
		};
		55D3C0BB2510D80D0079FE4A /* LaunchScreen.storyboard */ = {
			isa = PBXVariantGroup;
			children = (
				55D3C0BC2510D80D0079FE4A /* Base */,
			);
			name = LaunchScreen.storyboard;
			sourceTree = "<group>";
		};
/* End PBXVariantGroup section */

/* Begin XCBuildConfiguration section */
		55D3C0BF2510D80D0079FE4A /* Debug */ = {
			isa = XCBuildConfiguration;
			buildSettings = {
				ALWAYS_SEARCH_USER_PATHS = NO;
				CLANG_ANALYZER_NONNULL = YES;
				CLANG_ANALYZER_NUMBER_OBJECT_CONVERSION = YES_AGGRESSIVE;
				CLANG_CXX_LANGUAGE_STANDARD = "gnu++14";
				CLANG_CXX_LIBRARY = "libc++";
				CLANG_ENABLE_MODULES = YES;
				CLANG_ENABLE_OBJC_ARC = YES;
				CLANG_ENABLE_OBJC_WEAK = YES;
				CLANG_WARN_BLOCK_CAPTURE_AUTORELEASING = YES;
				CLANG_WARN_BOOL_CONVERSION = YES;
				CLANG_WARN_COMMA = YES;
				CLANG_WARN_CONSTANT_CONVERSION = YES;
				CLANG_WARN_DEPRECATED_OBJC_IMPLEMENTATIONS = YES;
				CLANG_WARN_DIRECT_OBJC_ISA_USAGE = YES_ERROR;
				CLANG_WARN_DOCUMENTATION_COMMENTS = YES;
				CLANG_WARN_EMPTY_BODY = YES;
				CLANG_WARN_ENUM_CONVERSION = YES;
				CLANG_WARN_INFINITE_RECURSION = YES;
				CLANG_WARN_INT_CONVERSION = YES;
				CLANG_WARN_NON_LITERAL_NULL_CONVERSION = YES;
				CLANG_WARN_OBJC_IMPLICIT_RETAIN_SELF = YES;
				CLANG_WARN_OBJC_LITERAL_CONVERSION = YES;
				CLANG_WARN_OBJC_ROOT_CLASS = YES_ERROR;
				CLANG_WARN_RANGE_LOOP_ANALYSIS = YES;
				CLANG_WARN_STRICT_PROTOTYPES = YES;
				CLANG_WARN_SUSPICIOUS_MOVE = YES;
				CLANG_WARN_UNGUARDED_AVAILABILITY = YES_AGGRESSIVE;
				CLANG_WARN_UNREACHABLE_CODE = YES;
				CLANG_WARN__DUPLICATE_METHOD_MATCH = YES;
				COPY_PHASE_STRIP = NO;
				DEBUG_INFORMATION_FORMAT = dwarf;
				ENABLE_STRICT_OBJC_MSGSEND = YES;
				ENABLE_TESTABILITY = YES;
				GCC_C_LANGUAGE_STANDARD = gnu11;
				GCC_DYNAMIC_NO_PIC = NO;
				GCC_NO_COMMON_BLOCKS = YES;
				GCC_OPTIMIZATION_LEVEL = 0;
				GCC_PREPROCESSOR_DEFINITIONS = (
					"DEBUG=1",
					"$(inherited)",
				);
				GCC_WARN_64_TO_32_BIT_CONVERSION = YES;
				GCC_WARN_ABOUT_RETURN_TYPE = YES_ERROR;
				GCC_WARN_UNDECLARED_SELECTOR = YES;
				GCC_WARN_UNINITIALIZED_AUTOS = YES_AGGRESSIVE;
				GCC_WARN_UNUSED_FUNCTION = YES;
				GCC_WARN_UNUSED_VARIABLE = YES;
				IPHONEOS_DEPLOYMENT_TARGET = 13.4;
				MTL_ENABLE_DEBUG_INFO = INCLUDE_SOURCE;
				MTL_FAST_MATH = YES;
				ONLY_ACTIVE_ARCH = YES;
				SDKROOT = iphoneos;
				SWIFT_ACTIVE_COMPILATION_CONDITIONS = DEBUG;
				SWIFT_OPTIMIZATION_LEVEL = "-Onone";
			};
			name = Debug;
		};
		55D3C0C02510D80D0079FE4A /* Release */ = {
			isa = XCBuildConfiguration;
			buildSettings = {
				ALWAYS_SEARCH_USER_PATHS = NO;
				CLANG_ANALYZER_NONNULL = YES;
				CLANG_ANALYZER_NUMBER_OBJECT_CONVERSION = YES_AGGRESSIVE;
				CLANG_CXX_LANGUAGE_STANDARD = "gnu++14";
				CLANG_CXX_LIBRARY = "libc++";
				CLANG_ENABLE_MODULES = YES;
				CLANG_ENABLE_OBJC_ARC = YES;
				CLANG_ENABLE_OBJC_WEAK = YES;
				CLANG_WARN_BLOCK_CAPTURE_AUTORELEASING = YES;
				CLANG_WARN_BOOL_CONVERSION = YES;
				CLANG_WARN_COMMA = YES;
				CLANG_WARN_CONSTANT_CONVERSION = YES;
				CLANG_WARN_DEPRECATED_OBJC_IMPLEMENTATIONS = YES;
				CLANG_WARN_DIRECT_OBJC_ISA_USAGE = YES_ERROR;
				CLANG_WARN_DOCUMENTATION_COMMENTS = YES;
				CLANG_WARN_EMPTY_BODY = YES;
				CLANG_WARN_ENUM_CONVERSION = YES;
				CLANG_WARN_INFINITE_RECURSION = YES;
				CLANG_WARN_INT_CONVERSION = YES;
				CLANG_WARN_NON_LITERAL_NULL_CONVERSION = YES;
				CLANG_WARN_OBJC_IMPLICIT_RETAIN_SELF = YES;
				CLANG_WARN_OBJC_LITERAL_CONVERSION = YES;
				CLANG_WARN_OBJC_ROOT_CLASS = YES_ERROR;
				CLANG_WARN_RANGE_LOOP_ANALYSIS = YES;
				CLANG_WARN_STRICT_PROTOTYPES = YES;
				CLANG_WARN_SUSPICIOUS_MOVE = YES;
				CLANG_WARN_UNGUARDED_AVAILABILITY = YES_AGGRESSIVE;
				CLANG_WARN_UNREACHABLE_CODE = YES;
				CLANG_WARN__DUPLICATE_METHOD_MATCH = YES;
				COPY_PHASE_STRIP = NO;
				DEBUG_INFORMATION_FORMAT = "dwarf-with-dsym";
				ENABLE_NS_ASSERTIONS = NO;
				ENABLE_STRICT_OBJC_MSGSEND = YES;
				GCC_C_LANGUAGE_STANDARD = gnu11;
				GCC_NO_COMMON_BLOCKS = YES;
				GCC_WARN_64_TO_32_BIT_CONVERSION = YES;
				GCC_WARN_ABOUT_RETURN_TYPE = YES_ERROR;
				GCC_WARN_UNDECLARED_SELECTOR = YES;
				GCC_WARN_UNINITIALIZED_AUTOS = YES_AGGRESSIVE;
				GCC_WARN_UNUSED_FUNCTION = YES;
				GCC_WARN_UNUSED_VARIABLE = YES;
				IPHONEOS_DEPLOYMENT_TARGET = 13.4;
				MTL_ENABLE_DEBUG_INFO = NO;
				MTL_FAST_MATH = YES;
				SDKROOT = iphoneos;
				SWIFT_COMPILATION_MODE = wholemodule;
				SWIFT_OPTIMIZATION_LEVEL = "-O";
				VALIDATE_PRODUCT = YES;
			};
			name = Release;
		};
		55D3C0C22510D80D0079FE4A /* Debug */ = {
			isa = XCBuildConfiguration;
			baseConfigurationReference = 55C29D22E715705895FE5FD3 /* Pods-TaskList with Realm.debug.xcconfig */;
			buildSettings = {
				ASSETCATALOG_COMPILER_APPICON_NAME = AppIcon;
				CODE_SIGN_STYLE = Automatic;
				DEVELOPMENT_TEAM = 854Z63GAJD;
				INFOPLIST_FILE = "TaskList with Realm/Info.plist";
				LD_RUNPATH_SEARCH_PATHS = (
					"$(inherited)",
					"@executable_path/Frameworks",
				);
				PRODUCT_BUNDLE_IDENTIFIER = "com.kairzhan.TaskList-with-Realm";
				PRODUCT_NAME = "$(TARGET_NAME)";
				SWIFT_VERSION = 5.0;
				TARGETED_DEVICE_FAMILY = "1,2";
			};
			name = Debug;
		};
		55D3C0C32510D80D0079FE4A /* Release */ = {
			isa = XCBuildConfiguration;
			baseConfigurationReference = 32F7346CB403051943CDA7CF /* Pods-TaskList with Realm.release.xcconfig */;
			buildSettings = {
				ASSETCATALOG_COMPILER_APPICON_NAME = AppIcon;
				CODE_SIGN_STYLE = Automatic;
				DEVELOPMENT_TEAM = 854Z63GAJD;
				INFOPLIST_FILE = "TaskList with Realm/Info.plist";
				LD_RUNPATH_SEARCH_PATHS = (
					"$(inherited)",
					"@executable_path/Frameworks",
				);
				PRODUCT_BUNDLE_IDENTIFIER = "com.kairzhan.TaskList-with-Realm";
				PRODUCT_NAME = "$(TARGET_NAME)";
				SWIFT_VERSION = 5.0;
				TARGETED_DEVICE_FAMILY = "1,2";
			};
			name = Release;
		};
/* End XCBuildConfiguration section */

/* Begin XCConfigurationList section */
		55D3C0A82510D8050079FE4A /* Build configuration list for PBXProject "TaskList with Realm" */ = {
			isa = XCConfigurationList;
			buildConfigurations = (
				55D3C0BF2510D80D0079FE4A /* Debug */,
				55D3C0C02510D80D0079FE4A /* Release */,
			);
			defaultConfigurationIsVisible = 0;
			defaultConfigurationName = Release;
		};
		55D3C0C12510D80D0079FE4A /* Build configuration list for PBXNativeTarget "TaskList with Realm" */ = {
			isa = XCConfigurationList;
			buildConfigurations = (
				55D3C0C22510D80D0079FE4A /* Debug */,
				55D3C0C32510D80D0079FE4A /* Release */,
			);
			defaultConfigurationIsVisible = 0;
			defaultConfigurationName = Release;
		};
/* End XCConfigurationList section */
	};
	rootObject = 55D3C0A52510D8050079FE4A /* Project object */;
}
